
Microsoft Visual Studio Solution File, Format Version 12.00
# Visual Studio 2013
Project("{FAE04EC0-301F-11D3-BF4B-00C04F79EFBC}") = "LearnToCcShaderComeIn.CSharp", "LearnToCcShaderComeIn.CSharp.csproj", "{8B33EC31-A8A1-0450-6EA8-7AF3E572CE33}"
EndProject
Project("{FAE04EC0-301F-11D3-BF4B-00C04F79EFBC}") = "LearnToCcShaderComeIn.CSharp.Editor", "LearnToCcShaderComeIn.CSharp.Editor.csproj", "{C95D54D8-A30A-E61F-A685-1E19F8304218}"
EndProject
Global
	GlobalSection(SolutionConfigurationPlatforms) = preSolution
		Debug|Any CPU = Debug|Any CPU
		Release|Any CPU = Release|Any CPU
	EndGlobalSection
	GlobalSection(ProjectConfigurationPlatforms) = postSolution
		{8B33EC31-A8A1-0450-6EA8-7AF3E572CE33}.Debug|Any CPU.ActiveCfg = Debug|Any CPU
		{8B33EC31-A8A1-0450-6EA8-7AF3E572CE33}.Debug|Any CPU.Build.0 = Debug|Any CPU
		{8B33EC31-A8A1-0450-6EA8-7AF3E572CE33}.Release|Any CPU.ActiveCfg = Release|Any CPU
		{8B33EC31-A8A1-0450-6EA8-7AF3E572CE33}.Release|Any CPU.Build.0 = Release|Any CPU
		{C95D54D8-A30A-E61F-A685-1E19F8304218}.Debug|Any CPU.ActiveCfg = Debug|Any CPU
		{C95D54D8-A30A-E61F-A685-1E19F8304218}.Debug|Any CPU.Build.0 = Debug|Any CPU
		{C95D54D8-A30A-E61F-A685-1E19F8304218}.Release|Any CPU.ActiveCfg = Release|Any CPU
		{C95D54D8-A30A-E61F-A685-1E19F8304218}.Release|Any CPU.Build.0 = Release|Any CPU
	EndGlobalSection
	GlobalSection(SolutionProperties) = preSolution
		HideSolutionNode = FALSE
	EndGlobalSection
EndGlobal
